
Microsoft Visual Studio Solution File, Format Version 12.00
# Visual Studio 15
VisualStudioVersion = 15.0.26124.0
MinimumVisualStudioVersion = 15.0.26124.0
Project("{9A19103F-16F7-4668-BE54-9A1E7A4F7556}") = "R5T.D0017.Construction", "R5T.D0017.Construction\R5T.D0017.Construction.csproj", "{F3ABAA60-A5E0-4E6F-A736-1230995D2BE4}"
EndProject
Project("{9A19103F-16F7-4668-BE54-9A1E7A4F7556}") = "R5T.D0017", "R5T.D0017\R5T.D0017.csproj", "{44DCD650-9685-4C08-9D61-11DF34F24B7D}"
EndProject
Project("{FAE04EC0-301F-11D3-BF4B-00C04F79EFBC}") = "R5T.D0017.Base", "R5T.D0017.Base\R5T.D0017.Base.csproj", "{A3882B50-4B88-431B-85A4-31EB954D0044}"
EndProject
Project("{2150E333-8FDC-42A3-9474-1A3956D46DE8}") = "_Dependencies", "_Dependencies", "{5F4339E9-8605-4E72-B86A-C601036B6DAE}"
EndProject
Project("{9A19103F-16F7-4668-BE54-9A1E7A4F7556}") = "R5T.D0010.Base", "..\..\R5T.D0010\source\R5T.D0010.Base\R5T.D0010.Base.csproj", "{1E1B1B49-1A89-408B-8D32-E5DFA4A97A03}"
EndProject
Project("{9A19103F-16F7-4668-BE54-9A1E7A4F7556}") = "R5T.T0001", "..\..\R5T.T0001\source\R5T.T0001\R5T.T0001.csproj", "{B5A5A223-FDDC-49DE-B5A6-49080CA147A8}"
EndProject
Project("{9A19103F-16F7-4668-BE54-9A1E7A4F7556}") = "R5T.T0002", "..\..\R5T.T0002\source\R5T.T0002\R5T.T0002.csproj", "{DEAD611E-DEE6-4403-AD94-32D1270AE47B}"
EndProject
Project("{9A19103F-16F7-4668-BE54-9A1E7A4F7556}") = "R5T.T0003", "..\..\R5T.T0003\source\R5T.T0003\R5T.T0003.csproj", "{66216E16-34A2-418A-803C-FFCAAD38F5AE}"
EndProject
Project("{9A19103F-16F7-4668-BE54-9A1E7A4F7556}") = "R5T.Ostersund", "..\..\R5T.Ostersund\source\R5T.Ostersund\R5T.Ostersund.csproj", "{FAFB2A11-83E9-4860-9B30-FA5594B9EB04}"
EndProject
Global
	GlobalSection(SolutionConfigurationPlatforms) = preSolution
		Debug|Any CPU = Debug|Any CPU
		Debug|x64 = Debug|x64
		Debug|x86 = Debug|x86
		Release|Any CPU = Release|Any CPU
		Release|x64 = Release|x64
		Release|x86 = Release|x86
	EndGlobalSection
	GlobalSection(ProjectConfigurationPlatforms) = postSolution
		{F3ABAA60-A5E0-4E6F-A736-1230995D2BE4}.Debug|Any CPU.ActiveCfg = Debug|Any CPU
		{F3ABAA60-A5E0-4E6F-A736-1230995D2BE4}.Debug|Any CPU.Build.0 = Debug|Any CPU
		{F3ABAA60-A5E0-4E6F-A736-1230995D2BE4}.Debug|x64.ActiveCfg = Debug|Any CPU
		{F3ABAA60-A5E0-4E6F-A736-1230995D2BE4}.Debug|x64.Build.0 = Debug|Any CPU
		{F3ABAA60-A5E0-4E6F-A736-1230995D2BE4}.Debug|x86.ActiveCfg = Debug|Any CPU
		{F3ABAA60-A5E0-4E6F-A736-1230995D2BE4}.Debug|x86.Build.0 = Debug|Any CPU
		{F3ABAA60-A5E0-4E6F-A736-1230995D2BE4}.Release|Any CPU.ActiveCfg = Release|Any CPU
		{F3ABAA60-A5E0-4E6F-A736-1230995D2BE4}.Release|Any CPU.Build.0 = Release|Any CPU
		{F3ABAA60-A5E0-4E6F-A736-1230995D2BE4}.Release|x64.ActiveCfg = Release|Any CPU
		{F3ABAA60-A5E0-4E6F-A736-1230995D2BE4}.Release|x64.Build.0 = Release|Any CPU
		{F3ABAA60-A5E0-4E6F-A736-1230995D2BE4}.Release|x86.ActiveCfg = Release|Any CPU
		{F3ABAA60-A5E0-4E6F-A736-1230995D2BE4}.Release|x86.Build.0 = Release|Any CPU
		{44DCD650-9685-4C08-9D61-11DF34F24B7D}.Debug|Any CPU.ActiveCfg = Debug|Any CPU
		{44DCD650-9685-4C08-9D61-11DF34F24B7D}.Debug|Any CPU.Build.0 = Debug|Any CPU
		{44DCD650-9685-4C08-9D61-11DF34F24B7D}.Debug|x64.ActiveCfg = Debug|Any CPU
		{44DCD650-9685-4C08-9D61-11DF34F24B7D}.Debug|x64.Build.0 = Debug|Any CPU
		{44DCD650-9685-4C08-9D61-11DF34F24B7D}.Debug|x86.ActiveCfg = Debug|Any CPU
		{44DCD650-9685-4C08-9D61-11DF34F24B7D}.Debug|x86.Build.0 = Debug|Any CPU
		{44DCD650-9685-4C08-9D61-11DF34F24B7D}.Release|Any CPU.ActiveCfg = Release|Any CPU
		{44DCD650-9685-4C08-9D61-11DF34F24B7D}.Release|Any CPU.Build.0 = Release|Any CPU
		{44DCD650-9685-4C08-9D61-11DF34F24B7D}.Release|x64.ActiveCfg = Release|Any CPU
		{44DCD650-9685-4C08-9D61-11DF34F24B7D}.Release|x64.Build.0 = Release|Any CPU
		{44DCD650-9685-4C08-9D61-11DF34F24B7D}.Release|x86.ActiveCfg = Release|Any CPU
		{44DCD650-9685-4C08-9D61-11DF34F24B7D}.Release|x86.Build.0 = Release|Any CPU
		{A3882B50-4B88-431B-85A4-31EB954D0044}.Debug|Any CPU.ActiveCfg = Debug|Any CPU
		{A3882B50-4B88-431B-85A4-31EB954D0044}.Debug|Any CPU.Build.0 = Debug|Any CPU
		{A3882B50-4B88-431B-85A4-31EB954D0044}.Debug|x64.ActiveCfg = Debug|Any CPU
		{A3882B50-4B88-431B-85A4-31EB954D0044}.Debug|x64.Build.0 = Debug|Any CPU
		{A3882B50-4B88-431B-85A4-31EB954D0044}.Debug|x86.ActiveCfg = Debug|Any CPU
		{A3882B50-4B88-431B-85A4-31EB954D0044}.Debug|x86.Build.0 = Debug|Any CPU
		{A3882B50-4B88-431B-85A4-31EB954D0044}.Release|Any CPU.ActiveCfg = Release|Any CPU
		{A3882B50-4B88-431B-85A4-31EB954D0044}.Release|Any CPU.Build.0 = Release|Any CPU
		{A3882B50-4B88-431B-85A4-31EB954D0044}.Release|x64.ActiveCfg = Release|Any CPU
		{A3882B50-4B88-431B-85A4-31EB954D0044}.Release|x64.Build.0 = Release|Any CPU
		{A3882B50-4B88-431B-85A4-31EB954D0044}.Release|x86.ActiveCfg = Release|Any CPU
		{A3882B50-4B88-431B-85A4-31EB954D0044}.Release|x86.Build.0 = Release|Any CPU
		{1E1B1B49-1A89-408B-8D32-E5DFA4A97A03}.Debug|Any CPU.ActiveCfg = Debug|Any CPU
		{1E1B1B49-1A89-408B-8D32-E5DFA4A97A03}.Debug|Any CPU.Build.0 = Debug|Any CPU
		{1E1B1B49-1A89-408B-8D32-E5DFA4A97A03}.Debug|x64.ActiveCfg = Debug|Any CPU
		{1E1B1B49-1A89-408B-8D32-E5DFA4A97A03}.Debug|x64.Build.0 = Debug|Any CPU
		{1E1B1B49-1A89-408B-8D32-E5DFA4A97A03}.Debug|x86.ActiveCfg = Debug|Any CPU
		{1E1B1B49-1A89-408B-8D32-E5DFA4A97A03}.Debug|x86.Build.0 = Debug|Any CPU
		{1E1B1B49-1A89-408B-8D32-E5DFA4A97A03}.Release|Any CPU.ActiveCfg = Release|Any CPU
		{1E1B1B49-1A89-408B-8D32-E5DFA4A97A03}.Release|Any CPU.Build.0 = Release|Any CPU
		{1E1B1B49-1A89-408B-8D32-E5DFA4A97A03}.Release|x64.ActiveCfg = Release|Any CPU
		{1E1B1B49-1A89-408B-8D32-E5DFA4A97A03}.Release|x64.Build.0 = Release|Any CPU
		{1E1B1B49-1A89-408B-8D32-E5DFA4A97A03}.Release|x86.ActiveCfg = Release|Any CPU
		{1E1B1B49-1A89-408B-8D32-E5DFA4A97A03}.Release|x86.Build.0 = Release|Any CPU
		{B5A5A223-FDDC-49DE-B5A6-49080CA147A8}.Debug|Any CPU.ActiveCfg = Debug|Any CPU
		{B5A5A223-FDDC-49DE-B5A6-49080CA147A8}.Debug|Any CPU.Build.0 = Debug|Any CPU
		{B5A5A223-FDDC-49DE-B5A6-49080CA147A8}.Debug|x64.ActiveCfg = Debug|Any CPU
		{B5A5A223-FDDC-49DE-B5A6-49080CA147A8}.Debug|x64.Build.0 = Debug|Any CPU
		{B5A5A223-FDDC-49DE-B5A6-49080CA147A8}.Debug|x86.ActiveCfg = Debug|Any CPU
		{B5A5A223-FDDC-49DE-B5A6-49080CA147A8}.Debug|x86.Build.0 = Debug|Any CPU
		{B5A5A223-FDDC-49DE-B5A6-49080CA147A8}.Release|Any CPU.ActiveCfg = Release|Any CPU
		{B5A5A223-FDDC-49DE-B5A6-49080CA147A8}.Release|Any CPU.Build.0 = Release|Any CPU
		{B5A5A223-FDDC-49DE-B5A6-49080CA147A8}.Release|x64.ActiveCfg = Release|Any CPU
		{B5A5A223-FDDC-49DE-B5A6-49080CA147A8}.Release|x64.Build.0 = Release|Any CPU
		{B5A5A223-FDDC-49DE-B5A6-49080CA147A8}.Release|x86.ActiveCfg = Release|Any CPU
		{B5A5A223-FDDC-49DE-B5A6-49080CA147A8}.Release|x86.Build.0 = Release|Any CPU
		{DEAD611E-DEE6-4403-AD94-32D1270AE47B}.Debug|Any CPU.ActiveCfg = Debug|Any CPU
		{DEAD611E-DEE6-4403-AD94-32D1270AE47B}.Debug|Any CPU.Build.0 = Debug|Any CPU
		{DEAD611E-DEE6-4403-AD94-32D1270AE47B}.Debug|x64.ActiveCfg = Debug|Any CPU
		{DEAD611E-DEE6-4403-AD94-32D1270AE47B}.Debug|x64.Build.0 = Debug|Any CPU
		{DEAD611E-DEE6-4403-AD94-32D1270AE47B}.Debug|x86.ActiveCfg = Debug|Any CPU
		{DEAD611E-DEE6-4403-AD94-32D1270AE47B}.Debug|x86.Build.0 = Debug|Any CPU
		{DEAD611E-DEE6-4403-AD94-32D1270AE47B}.Release|Any CPU.ActiveCfg = Release|Any CPU
		{DEAD611E-DEE6-4403-AD94-32D1270AE47B}.Release|Any CPU.Build.0 = Release|Any CPU
		{DEAD611E-DEE6-4403-AD94-32D1270AE47B}.Release|x64.ActiveCfg = Release|Any CPU
		{DEAD611E-DEE6-4403-AD94-32D1270AE47B}.Release|x64.Build.0 = Release|Any CPU
		{DEAD611E-DEE6-4403-AD94-32D1270AE47B}.Release|x86.ActiveCfg = Release|Any CPU
		{DEAD611E-DEE6-4403-AD94-32D1270AE47B}.Release|x86.Build.0 = Release|Any CPU
		{66216E16-34A2-418A-803C-FFCAAD38F5AE}.Debug|Any CPU.ActiveCfg = Debug|Any CPU
		{66216E16-34A2-418A-803C-FFCAAD38F5AE}.Debug|Any CPU.Build.0 = Debug|Any CPU
		{66216E16-34A2-418A-803C-FFCAAD38F5AE}.Debug|x64.ActiveCfg = Debug|Any CPU
		{66216E16-34A2-418A-803C-FFCAAD38F5AE}.Debug|x64.Build.0 = Debug|Any CPU
		{66216E16-34A2-418A-803C-FFCAAD38F5AE}.Debug|x86.ActiveCfg = Debug|Any CPU
		{66216E16-34A2-418A-803C-FFCAAD38F5AE}.Debug|x86.Build.0 = Debug|Any CPU
		{66216E16-34A2-418A-803C-FFCAAD38F5AE}.Release|Any CPU.ActiveCfg = Release|Any CPU
		{66216E16-34A2-418A-803C-FFCAAD38F5AE}.Release|Any CPU.Build.0 = Release|Any CPU
		{66216E16-34A2-418A-803C-FFCAAD38F5AE}.Release|x64.ActiveCfg = Release|Any CPU
		{66216E16-34A2-418A-803C-FFCAAD38F5AE}.Release|x64.Build.0 = Release|Any CPU
		{66216E16-34A2-418A-803C-FFCAAD38F5AE}.Release|x86.ActiveCfg = Release|Any CPU
		{66216E16-34A2-418A-803C-FFCAAD38F5AE}.Release|x86.Build.0 = Release|Any CPU
		{FAFB2A11-83E9-4860-9B30-FA5594B9EB04}.Debug|Any CPU.ActiveCfg = Debug|Any CPU
		{FAFB2A11-83E9-4860-9B30-FA5594B9EB04}.Debug|Any CPU.Build.0 = Debug|Any CPU
		{FAFB2A11-83E9-4860-9B30-FA5594B9EB04}.Debug|x64.ActiveCfg = Debug|Any CPU
		{FAFB2A11-83E9-4860-9B30-FA5594B9EB04}.Debug|x64.Build.0 = Debug|Any CPU
		{FAFB2A11-83E9-4860-9B30-FA5594B9EB04}.Debug|x86.ActiveCfg = Debug|Any CPU
		{FAFB2A11-83E9-4860-9B30-FA5594B9EB04}.Debug|x86.Build.0 = Debug|Any CPU
		{FAFB2A11-83E9-4860-9B30-FA5594B9EB04}.Release|Any CPU.ActiveCfg = Release|Any CPU
		{FAFB2A11-83E9-4860-9B30-FA5594B9EB04}.Release|Any CPU.Build.0 = Release|Any CPU
		{FAFB2A11-83E9-4860-9B30-FA5594B9EB04}.Release|x64.ActiveCfg = Release|Any CPU
		{FAFB2A11-83E9-4860-9B30-FA5594B9EB04}.Release|x64.Build.0 = Release|Any CPU
		{FAFB2A11-83E9-4860-9B30-FA5594B9EB04}.Release|x86.ActiveCfg = Release|Any CPU
		{FAFB2A11-83E9-4860-9B30-FA5594B9EB04}.Release|x86.Build.0 = Release|Any CPU
	EndGlobalSection
	GlobalSection(SolutionProperties) = preSolution
		HideSolutionNode = FALSE
	EndGlobalSection
	GlobalSection(NestedProjects) = preSolution
		{1E1B1B49-1A89-408B-8D32-E5DFA4A97A03} = {5F4339E9-8605-4E72-B86A-C601036B6DAE}
		{B5A5A223-FDDC-49DE-B5A6-49080CA147A8} = {5F4339E9-8605-4E72-B86A-C601036B6DAE}
		{DEAD611E-DEE6-4403-AD94-32D1270AE47B} = {5F4339E9-8605-4E72-B86A-C601036B6DAE}
		{66216E16-34A2-418A-803C-FFCAAD38F5AE} = {5F4339E9-8605-4E72-B86A-C601036B6DAE}
		{FAFB2A11-83E9-4860-9B30-FA5594B9EB04} = {5F4339E9-8605-4E72-B86A-C601036B6DAE}
	EndGlobalSection
	GlobalSection(ExtensibilityGlobals) = postSolution
		SolutionGuid = {1A420652-730B-4E56-ABDE-478CF8C4FE52}
	EndGlobalSection
EndGlobal
